
Microsoft Visual Studio Solution File, Format Version 12.00
# Visual Studio Version 17
VisualStudioVersion = 17.3.32819.101
MinimumVisualStudioVersion = 10.0.40219.1
Project("{FAE04EC0-301F-11D3-BF4B-00C04F79EFBC}") = "RSAConsole2", "RSAConsole2\RSAConsole2.csproj", "{695D964C-23D3-402C-A8B8-F483497ED568}"
EndProject
Global
	GlobalSection(SolutionConfigurationPlatforms) = preSolution
		Debug|Any CPU = Debug|Any CPU
		Release|Any CPU = Release|Any CPU
	EndGlobalSection
	GlobalSection(ProjectConfigurationPlatforms) = postSolution
		{695D964C-23D3-402C-A8B8-F483497ED568}.Debug|Any CPU.ActiveCfg = Debug|Any CPU
		{695D964C-23D3-402C-A8B8-F483497ED568}.Debug|Any CPU.Build.0 = Debug|Any CPU
		{695D964C-23D3-402C-A8B8-F483497ED568}.Release|Any CPU.ActiveCfg = Release|Any CPU
		{695D964C-23D3-402C-A8B8-F483497ED568}.Release|Any CPU.Build.0 = Release|Any CPU
	EndGlobalSection
	GlobalSection(SolutionProperties) = preSolution
		HideSolutionNode = FALSE
	EndGlobalSection
	GlobalSection(ExtensibilityGlobals) = postSolution
		SolutionGuid = {7186BA9C-2941-41B0-8AF8-2166FC3F1FD9}
	EndGlobalSection
EndGlobal
