
Microsoft Visual Studio Solution File, Format Version 12.00
# Visual Studio Version 17
VisualStudioVersion = 17.3.32819.101
MinimumVisualStudioVersion = 10.0.40219.1
Project("{FAE04EC0-301F-11D3-BF4B-00C04F79EFBC}") = "RSAOpenSSL3", "RSAOpenSSL3\RSAOpenSSL3.csproj", "{24BF9EDD-5F5C-4A31-821A-B88F362B9087}"
EndProject
Global
	GlobalSection(SolutionConfigurationPlatforms) = preSolution
		Debug|Any CPU = Debug|Any CPU
		Release|Any CPU = Release|Any CPU
	EndGlobalSection
	GlobalSection(ProjectConfigurationPlatforms) = postSolution
		{24BF9EDD-5F5C-4A31-821A-B88F362B9087}.Debug|Any CPU.ActiveCfg = Debug|Any CPU
		{24BF9EDD-5F5C-4A31-821A-B88F362B9087}.Debug|Any CPU.Build.0 = Debug|Any CPU
		{24BF9EDD-5F5C-4A31-821A-B88F362B9087}.Release|Any CPU.ActiveCfg = Release|Any CPU
		{24BF9EDD-5F5C-4A31-821A-B88F362B9087}.Release|Any CPU.Build.0 = Release|Any CPU
	EndGlobalSection
	GlobalSection(SolutionProperties) = preSolution
		HideSolutionNode = FALSE
	EndGlobalSection
	GlobalSection(ExtensibilityGlobals) = postSolution
		SolutionGuid = {B0E1C379-8818-493E-8A73-02123BAB9E61}
	EndGlobalSection
EndGlobal
