
Microsoft Visual Studio Solution File, Format Version 12.00
# Visual Studio Version 17
VisualStudioVersion = 17.3.32819.101
MinimumVisualStudioVersion = 10.0.40219.1
Project("{FAE04EC0-301F-11D3-BF4B-00C04F79EFBC}") = "MessingAroundWithEncryption", "MessingAroundWithEncryption\MessingAroundWithEncryption.csproj", "{B7FC159D-BC87-411E-958B-FC8AB69854FA}"
EndProject
Global
	GlobalSection(SolutionConfigurationPlatforms) = preSolution
		Debug|Any CPU = Debug|Any CPU
		Release|Any CPU = Release|Any CPU
	EndGlobalSection
	GlobalSection(ProjectConfigurationPlatforms) = postSolution
		{B7FC159D-BC87-411E-958B-FC8AB69854FA}.Debug|Any CPU.ActiveCfg = Debug|Any CPU
		{B7FC159D-BC87-411E-958B-FC8AB69854FA}.Debug|Any CPU.Build.0 = Debug|Any CPU
		{B7FC159D-BC87-411E-958B-FC8AB69854FA}.Release|Any CPU.ActiveCfg = Release|Any CPU
		{B7FC159D-BC87-411E-958B-FC8AB69854FA}.Release|Any CPU.Build.0 = Release|Any CPU
	EndGlobalSection
	GlobalSection(SolutionProperties) = preSolution
		HideSolutionNode = FALSE
	EndGlobalSection
	GlobalSection(ExtensibilityGlobals) = postSolution
		SolutionGuid = {5DC96370-6DD6-4DF3-9BE7-B9CAAF14062E}
	EndGlobalSection
EndGlobal
